
Microsoft Visual Studio Solution File, Format Version 12.00
# Visual Studio Version 17
VisualStudioVersion = 17.9.34728.123
MinimumVisualStudioVersion = 10.0.40219.1
Project("{FAE04EC0-301F-11D3-BF4B-00C04F79EFBC}") = "Restaurante.Api", "Restaurante.Api.csproj", "{F400F5BC-CB5E-474D-995A-6A5D47F45F8F}"
EndProject
Project("{FAE04EC0-301F-11D3-BF4B-00C04F79EFBC}") = "Restaurante.Aplicacion", "..\Restaurante.Aplicacion\Restaurante.Aplicacion.csproj", "{516816FD-F24F-4595-84FA-794C46478688}"
EndProject
Project("{FAE04EC0-301F-11D3-BF4B-00C04F79EFBC}") = "Restaurante.Infraestructura", "..\Restaurante.Infraestructura\Restaurante.Infraestructura.csproj", "{5426A973-CE59-48AA-8031-6454C73249E1}"
EndProject
Project("{FAE04EC0-301F-11D3-BF4B-00C04F79EFBC}") = "Restaurante.Tests", "..\Restaurante.Tests\Restaurante.Tests.csproj", "{D5E4C403-AFC4-4294-82C5-B4D54D25A140}"
EndProject
Project("{FAE04EC0-301F-11D3-BF4B-00C04F79EFBC}") = "Restaurante.Modelo", "..\Restaurante.Modelo\Restaurante.Modelo.csproj", "{BA0D013F-001C-4E49-9238-8A53E14DEA1C}"
EndProject
Global
	GlobalSection(SolutionConfigurationPlatforms) = preSolution
		Debug|Any CPU = Debug|Any CPU
		Release|Any CPU = Release|Any CPU
	EndGlobalSection
	GlobalSection(ProjectConfigurationPlatforms) = postSolution
		{F400F5BC-CB5E-474D-995A-6A5D47F45F8F}.Debug|Any CPU.ActiveCfg = Debug|Any CPU
		{F400F5BC-CB5E-474D-995A-6A5D47F45F8F}.Debug|Any CPU.Build.0 = Debug|Any CPU
		{F400F5BC-CB5E-474D-995A-6A5D47F45F8F}.Release|Any CPU.ActiveCfg = Release|Any CPU
		{F400F5BC-CB5E-474D-995A-6A5D47F45F8F}.Release|Any CPU.Build.0 = Release|Any CPU
		{516816FD-F24F-4595-84FA-794C46478688}.Debug|Any CPU.ActiveCfg = Debug|Any CPU
		{516816FD-F24F-4595-84FA-794C46478688}.Debug|Any CPU.Build.0 = Debug|Any CPU
		{516816FD-F24F-4595-84FA-794C46478688}.Release|Any CPU.ActiveCfg = Release|Any CPU
		{516816FD-F24F-4595-84FA-794C46478688}.Release|Any CPU.Build.0 = Release|Any CPU
		{5426A973-CE59-48AA-8031-6454C73249E1}.Debug|Any CPU.ActiveCfg = Debug|Any CPU
		{5426A973-CE59-48AA-8031-6454C73249E1}.Debug|Any CPU.Build.0 = Debug|Any CPU
		{5426A973-CE59-48AA-8031-6454C73249E1}.Release|Any CPU.ActiveCfg = Release|Any CPU
		{5426A973-CE59-48AA-8031-6454C73249E1}.Release|Any CPU.Build.0 = Release|Any CPU
		{D5E4C403-AFC4-4294-82C5-B4D54D25A140}.Debug|Any CPU.ActiveCfg = Debug|Any CPU
		{D5E4C403-AFC4-4294-82C5-B4D54D25A140}.Debug|Any CPU.Build.0 = Debug|Any CPU
		{D5E4C403-AFC4-4294-82C5-B4D54D25A140}.Release|Any CPU.ActiveCfg = Release|Any CPU
		{D5E4C403-AFC4-4294-82C5-B4D54D25A140}.Release|Any CPU.Build.0 = Release|Any CPU
		{BA0D013F-001C-4E49-9238-8A53E14DEA1C}.Debug|Any CPU.ActiveCfg = Debug|Any CPU
		{BA0D013F-001C-4E49-9238-8A53E14DEA1C}.Debug|Any CPU.Build.0 = Debug|Any CPU
		{BA0D013F-001C-4E49-9238-8A53E14DEA1C}.Release|Any CPU.ActiveCfg = Release|Any CPU
		{BA0D013F-001C-4E49-9238-8A53E14DEA1C}.Release|Any CPU.Build.0 = Release|Any CPU
	EndGlobalSection
	GlobalSection(SolutionProperties) = preSolution
		HideSolutionNode = FALSE
	EndGlobalSection
	GlobalSection(ExtensibilityGlobals) = postSolution
		SolutionGuid = {16C1F150-5FDF-4036-91F4-A95C58062C34}
	EndGlobalSection
EndGlobal
